// !$*UTF8*$!
{
	archiveVersion = 1;
	classes = {
	};
	objectVersion = 46;
	objects = {

/* Begin PBXBuildFile section */
		AE15E15C1E05F9C1007E628E /* OutlawAppKit.framework in Frameworks */ = {isa = PBXBuildFile; fileRef = AE15E1521E05F9C1007E628E /* OutlawAppKit.framework */; };
		AE15E1831E05FDF2007E628E /* Outlaw.framework in Frameworks */ = {isa = PBXBuildFile; fileRef = AE15E1821E05FDF2007E628E /* Outlaw.framework */; };
		AE15E1851E05FDF6007E628E /* OutlawCoreGraphics.framework in Frameworks */ = {isa = PBXBuildFile; fileRef = AE15E1841E05FDF6007E628E /* OutlawCoreGraphics.framework */; };
		AE93BF592287ABE0008118D7 /* NSColorTests.swift in Sources */ = {isa = PBXBuildFile; fileRef = AE93BF582287ABE0008118D7 /* NSColorTests.swift */; };
		AE93BF602287AC01008118D7 /* NSColor+Outlaw.swift in Sources */ = {isa = PBXBuildFile; fileRef = AE93BF5F2287AC01008118D7 /* NSColor+Outlaw.swift */; };
		AE93BF612287AC6F008118D7 /* Outlaw.framework in Frameworks */ = {isa = PBXBuildFile; fileRef = AE15E1821E05FDF2007E628E /* Outlaw.framework */; };
		AE93BF622287AC6F008118D7 /* OutlawCoreGraphics.framework in Frameworks */ = {isa = PBXBuildFile; fileRef = AE15E1841E05FDF6007E628E /* OutlawCoreGraphics.framework */; };
/* End PBXBuildFile section */

/* Begin PBXContainerItemProxy section */
		AE15E15D1E05F9C1007E628E /* PBXContainerItemProxy */ = {
			isa = PBXContainerItemProxy;
			containerPortal = AE15E1491E05F9C1007E628E /* Project object */;
			proxyType = 1;
			remoteGlobalIDString = AE15E1511E05F9C1007E628E;
			remoteInfo = OutlawAppKit;
		};
/* End PBXContainerItemProxy section */

/* Begin PBXFileReference section */
		AE15E1521E05F9C1007E628E /* OutlawAppKit.framework */ = {isa = PBXFileReference; explicitFileType = wrapper.framework; includeInIndex = 0; path = OutlawAppKit.framework; sourceTree = BUILT_PRODUCTS_DIR; };
		AE15E15B1E05F9C1007E628E /* OutlawAppKitTests.xctest */ = {isa = PBXFileReference; explicitFileType = wrapper.cfbundle; includeInIndex = 0; path = OutlawAppKitTests.xctest; sourceTree = BUILT_PRODUCTS_DIR; };
		AE15E17E1E05FD1C007E628E /* Outlaw.framework */ = {isa = PBXFileReference; lastKnownFileType = wrapper.framework; name = Outlaw.framework; path = "Carthage/Checkouts/outlaw/build/Debug-iphoneos/Outlaw.framework"; sourceTree = "<group>"; };
		AE15E17F1E05FD1C007E628E /* OutlawCoreGraphics.framework */ = {isa = PBXFileReference; lastKnownFileType = wrapper.framework; name = OutlawCoreGraphics.framework; path = "Carthage/Checkouts/outlaw-coregraphics/build/Debug-iphoneos/OutlawCoreGraphics.framework"; sourceTree = "<group>"; };
		AE15E1821E05FDF2007E628E /* Outlaw.framework */ = {isa = PBXFileReference; lastKnownFileType = wrapper.framework; path = Outlaw.framework; sourceTree = BUILT_PRODUCTS_DIR; };
		AE15E1841E05FDF6007E628E /* OutlawCoreGraphics.framework */ = {isa = PBXFileReference; lastKnownFileType = wrapper.framework; path = OutlawCoreGraphics.framework; sourceTree = BUILT_PRODUCTS_DIR; };
		AE93BF3D2287AB84008118D7 /* README.md */ = {isa = PBXFileReference; fileEncoding = 4; lastKnownFileType = net.daringfireball.markdown; name = README.md; path = ../README.md; sourceTree = "<group>"; };
		AE93BF3E2287AB84008118D7 /* Cartfile */ = {isa = PBXFileReference; fileEncoding = 4; lastKnownFileType = text; name = Cartfile; path = ../Cartfile; sourceTree = "<group>"; };
		AE93BF3F2287AB84008118D7 /* Cartfile.resolved */ = {isa = PBXFileReference; fileEncoding = 4; lastKnownFileType = text; name = Cartfile.resolved; path = ../Cartfile.resolved; sourceTree = "<group>"; };
		AE93BF402287AB84008118D7 /* LICENSE.md */ = {isa = PBXFileReference; fileEncoding = 4; lastKnownFileType = net.daringfireball.markdown; name = LICENSE.md; path = ../LICENSE.md; sourceTree = "<group>"; };
		AE93BF412287AB84008118D7 /* Package.swift */ = {isa = PBXFileReference; fileEncoding = 4; lastKnownFileType = sourcecode.swift; name = Package.swift; path = ../Package.swift; sourceTree = "<group>"; };
		AE93BF472287AB98008118D7 /* .swift-version */ = {isa = PBXFileReference; lastKnownFileType = text; name = ".swift-version"; path = "../.swift-version"; sourceTree = "<group>"; };
		AE93BF482287ABA1008118D7 /* .gitignore */ = {isa = PBXFileReference; lastKnownFileType = text; name = .gitignore; path = ../.gitignore; sourceTree = "<group>"; };
		AE93BF4A2287ABB8008118D7 /* Molbie-Conditionals.xcconfig */ = {isa = PBXFileReference; lastKnownFileType = text.xcconfig; path = "Molbie-Conditionals.xcconfig"; sourceTree = "<group>"; };
		AE93BF4B2287ABB8008118D7 /* Molbie-Release.xcconfig */ = {isa = PBXFileReference; lastKnownFileType = text.xcconfig; path = "Molbie-Release.xcconfig"; sourceTree = "<group>"; };
		AE93BF4C2287ABB8008118D7 /* Molbie-Debug.xcconfig */ = {isa = PBXFileReference; lastKnownFileType = text.xcconfig; path = "Molbie-Debug.xcconfig"; sourceTree = "<group>"; };
		AE93BF502287ABB8008118D7 /* Molbie-Base.xcconfig */ = {isa = PBXFileReference; lastKnownFileType = text.xcconfig; path = "Molbie-Base.xcconfig"; sourceTree = "<group>"; };
		AE93BF522287ABB8008118D7 /* Info.plist */ = {isa = PBXFileReference; lastKnownFileType = text.plist.xml; path = Info.plist; sourceTree = "<group>"; };
		AE93BF532287ABB8008118D7 /* OutlawAppKit.h */ = {isa = PBXFileReference; lastKnownFileType = sourcecode.c.h; path = OutlawAppKit.h; sourceTree = "<group>"; };
		AE93BF552287ABB8008118D7 /* Info.plist */ = {isa = PBXFileReference; lastKnownFileType = text.plist.xml; path = Info.plist; sourceTree = "<group>"; };
		AE93BF582287ABE0008118D7 /* NSColorTests.swift */ = {isa = PBXFileReference; fileEncoding = 4; lastKnownFileType = sourcecode.swift; path = NSColorTests.swift; sourceTree = "<group>"; };
		AE93BF5F2287AC01008118D7 /* NSColor+Outlaw.swift */ = {isa = PBXFileReference; fileEncoding = 4; lastKnownFileType = sourcecode.swift; path = "NSColor+Outlaw.swift"; sourceTree = "<group>"; };
		AE93BF632287AD98008118D7 /* LinuxMain.swift */ = {isa = PBXFileReference; lastKnownFileType = sourcecode.swift; path = LinuxMain.swift; sourceTree = "<group>"; };
/* End PBXFileReference section */

/* Begin PBXFrameworksBuildPhase section */
		AE15E14E1E05F9C1007E628E /* Frameworks */ = {
			isa = PBXFrameworksBuildPhase;
			buildActionMask = 2147483647;
			files = (
				AE93BF612287AC6F008118D7 /* Outlaw.framework in Frameworks */,
				AE93BF622287AC6F008118D7 /* OutlawCoreGraphics.framework in Frameworks */,
			);
			runOnlyForDeploymentPostprocessing = 0;
		};
		AE15E1581E05F9C1007E628E /* Frameworks */ = {
			isa = PBXFrameworksBuildPhase;
			buildActionMask = 2147483647;
			files = (
				AE15E1851E05FDF6007E628E /* OutlawCoreGraphics.framework in Frameworks */,
				AE15E1831E05FDF2007E628E /* Outlaw.framework in Frameworks */,
				AE15E15C1E05F9C1007E628E /* OutlawAppKit.framework in Frameworks */,
			);
			runOnlyForDeploymentPostprocessing = 0;
		};
/* End PBXFrameworksBuildPhase section */

/* Begin PBXGroup section */
		AE15E1481E05F9C1007E628E = {
			isa = PBXGroup;
			children = (
				AE93BF5D2287AC01008118D7 /* Sources */,
				AE93BF562287ABE0008118D7 /* Tests */,
				AE93BF492287ABB8008118D7 /* Xcode */,
				AE93BF3C2287AB6F008118D7 /* Project */,
				AE15E1531E05F9C1007E628E /* Products */,
				AE15E17D1E05FD1C007E628E /* Frameworks */,
			);
			sourceTree = "<group>";
		};
		AE15E1531E05F9C1007E628E /* Products */ = {
			isa = PBXGroup;
			children = (
				AE15E1521E05F9C1007E628E /* OutlawAppKit.framework */,
				AE15E15B1E05F9C1007E628E /* OutlawAppKitTests.xctest */,
			);
			name = Products;
			sourceTree = "<group>";
		};
		AE15E17D1E05FD1C007E628E /* Frameworks */ = {
			isa = PBXGroup;
			children = (
				AE15E1841E05FDF6007E628E /* OutlawCoreGraphics.framework */,
				AE15E1821E05FDF2007E628E /* Outlaw.framework */,
				AE15E17E1E05FD1C007E628E /* Outlaw.framework */,
				AE15E17F1E05FD1C007E628E /* OutlawCoreGraphics.framework */,
			);
			name = Frameworks;
			sourceTree = "<group>";
		};
		AE93BF3C2287AB6F008118D7 /* Project */ = {
			isa = PBXGroup;
			children = (
				AE93BF412287AB84008118D7 /* Package.swift */,
				AE93BF3E2287AB84008118D7 /* Cartfile */,
				AE93BF3F2287AB84008118D7 /* Cartfile.resolved */,
				AE93BF472287AB98008118D7 /* .swift-version */,
				AE93BF482287ABA1008118D7 /* .gitignore */,
				AE93BF402287AB84008118D7 /* LICENSE.md */,
				AE93BF3D2287AB84008118D7 /* README.md */,
			);
			name = Project;
			sourceTree = "<group>";
		};
		AE93BF492287ABB8008118D7 /* Xcode */ = {
			isa = PBXGroup;
			children = (
				AE93BF512287ABB8008118D7 /* OutlawAppKit */,
				AE93BF542287ABB8008118D7 /* OutlawAppKitTests */,
				AE93BF502287ABB8008118D7 /* Molbie-Base.xcconfig */,
				AE93BF4A2287ABB8008118D7 /* Molbie-Conditionals.xcconfig */,
				AE93BF4C2287ABB8008118D7 /* Molbie-Debug.xcconfig */,
				AE93BF4B2287ABB8008118D7 /* Molbie-Release.xcconfig */,
			);
			name = Xcode;
			sourceTree = "<group>";
		};
		AE93BF512287ABB8008118D7 /* OutlawAppKit */ = {
			isa = PBXGroup;
			children = (
				AE93BF522287ABB8008118D7 /* Info.plist */,
				AE93BF532287ABB8008118D7 /* OutlawAppKit.h */,
			);
			path = OutlawAppKit;
			sourceTree = "<group>";
		};
		AE93BF542287ABB8008118D7 /* OutlawAppKitTests */ = {
			isa = PBXGroup;
			children = (
				AE93BF552287ABB8008118D7 /* Info.plist */,
			);
			path = OutlawAppKitTests;
			sourceTree = "<group>";
		};
		AE93BF562287ABE0008118D7 /* Tests */ = {
			isa = PBXGroup;
			children = (
				AE93BF572287ABE0008118D7 /* OutlawAppKitTests */,
				AE93BF632287AD98008118D7 /* LinuxMain.swift */,
			);
			name = Tests;
			path = ../Tests;
			sourceTree = "<group>";
		};
		AE93BF572287ABE0008118D7 /* OutlawAppKitTests */ = {
			isa = PBXGroup;
			children = (
				AE93BF582287ABE0008118D7 /* NSColorTests.swift */,
			);
			path = OutlawAppKitTests;
			sourceTree = "<group>";
		};
		AE93BF5D2287AC01008118D7 /* Sources */ = {
			isa = PBXGroup;
			children = (
				AE93BF5E2287AC01008118D7 /* OutlawAppKit */,
			);
			name = Sources;
			path = ../Sources;
			sourceTree = "<group>";
		};
		AE93BF5E2287AC01008118D7 /* OutlawAppKit */ = {
			isa = PBXGroup;
			children = (
				AE93BF5F2287AC01008118D7 /* NSColor+Outlaw.swift */,
			);
			path = OutlawAppKit;
			sourceTree = "<group>";
		};
/* End PBXGroup section */

/* Begin PBXHeadersBuildPhase section */
		AE15E14F1E05F9C1007E628E /* Headers */ = {
			isa = PBXHeadersBuildPhase;
			buildActionMask = 2147483647;
			files = (
			);
			runOnlyForDeploymentPostprocessing = 0;
		};
/* End PBXHeadersBuildPhase section */

/* Begin PBXNativeTarget section */
		AE15E1511E05F9C1007E628E /* OutlawAppKit */ = {
			isa = PBXNativeTarget;
			buildConfigurationList = AE15E1661E05F9C1007E628E /* Build configuration list for PBXNativeTarget "OutlawAppKit" */;
			buildPhases = (
				AE15E14D1E05F9C1007E628E /* Sources */,
				AE15E14E1E05F9C1007E628E /* Frameworks */,
				AE15E14F1E05F9C1007E628E /* Headers */,
				AE15E1501E05F9C1007E628E /* Resources */,
			);
			buildRules = (
			);
			dependencies = (
			);
			name = OutlawAppKit;
			productName = OutlawAppKit;
			productReference = AE15E1521E05F9C1007E628E /* OutlawAppKit.framework */;
			productType = "com.apple.product-type.framework";
		};
		AE15E15A1E05F9C1007E628E /* OutlawAppKitTests */ = {
			isa = PBXNativeTarget;
			buildConfigurationList = AE15E1691E05F9C1007E628E /* Build configuration list for PBXNativeTarget "OutlawAppKitTests" */;
			buildPhases = (
				AE15E1571E05F9C1007E628E /* Sources */,
				AE15E1581E05F9C1007E628E /* Frameworks */,
				AE15E1591E05F9C1007E628E /* Resources */,
			);
			buildRules = (
			);
			dependencies = (
				AE15E15E1E05F9C1007E628E /* PBXTargetDependency */,
			);
			name = OutlawAppKitTests;
			productName = OutlawAppKitTests;
			productReference = AE15E15B1E05F9C1007E628E /* OutlawAppKitTests.xctest */;
			productType = "com.apple.product-type.bundle.unit-test";
		};
/* End PBXNativeTarget section */

/* Begin PBXProject section */
		AE15E1491E05F9C1007E628E /* Project object */ = {
			isa = PBXProject;
			attributes = {
				LastSwiftUpdateCheck = 0820;
				LastUpgradeCheck = 1020;
				ORGANIZATIONNAME = "Molbie LLC";
				TargetAttributes = {
					AE15E1511E05F9C1007E628E = {
						CreatedOnToolsVersion = 8.2;
						DevelopmentTeam = PWN4RN68X5;
						LastSwiftMigration = 1020;
						ProvisioningStyle = Automatic;
					};
					AE15E15A1E05F9C1007E628E = {
						CreatedOnToolsVersion = 8.2;
						DevelopmentTeam = PWN4RN68X5;
						ProvisioningStyle = Automatic;
					};
				};
			};
			buildConfigurationList = AE15E14C1E05F9C1007E628E /* Build configuration list for PBXProject "OutlawAppKit" */;
			compatibilityVersion = "Xcode 3.2";
			developmentRegion = English;
			hasScannedForEncodings = 0;
			knownRegions = (
				English,
				en,
			);
			mainGroup = AE15E1481E05F9C1007E628E;
			productRefGroup = AE15E1531E05F9C1007E628E /* Products */;
			projectDirPath = "";
			projectRoot = "";
			targets = (
				AE15E1511E05F9C1007E628E /* OutlawAppKit */,
				AE15E15A1E05F9C1007E628E /* OutlawAppKitTests */,
			);
		};
/* End PBXProject section */

/* Begin PBXResourcesBuildPhase section */
		AE15E1501E05F9C1007E628E /* Resources */ = {
			isa = PBXResourcesBuildPhase;
			buildActionMask = 2147483647;
			files = (
			);
			runOnlyForDeploymentPostprocessing = 0;
		};
		AE15E1591E05F9C1007E628E /* Resources */ = {
			isa = PBXResourcesBuildPhase;
			buildActionMask = 2147483647;
			files = (
			);
			runOnlyForDeploymentPostprocessing = 0;
		};
/* End PBXResourcesBuildPhase section */

/* Begin PBXSourcesBuildPhase section */
		AE15E14D1E05F9C1007E628E /* Sources */ = {
			isa = PBXSourcesBuildPhase;
			buildActionMask = 2147483647;
			files = (
				AE93BF602287AC01008118D7 /* NSColor+Outlaw.swift in Sources */,
			);
			runOnlyForDeploymentPostprocessing = 0;
		};
		AE15E1571E05F9C1007E628E /* Sources */ = {
			isa = PBXSourcesBuildPhase;
			buildActionMask = 2147483647;
			files = (
				AE93BF592287ABE0008118D7 /* NSColorTests.swift in Sources */,
			);
			runOnlyForDeploymentPostprocessing = 0;
		};
/* End PBXSourcesBuildPhase section */

/* Begin PBXTargetDependency section */
		AE15E15E1E05F9C1007E628E /* PBXTargetDependency */ = {
			isa = PBXTargetDependency;
			target = AE15E1511E05F9C1007E628E /* OutlawAppKit */;
			targetProxy = AE15E15D1E05F9C1007E628E /* PBXContainerItemProxy */;
		};
/* End PBXTargetDependency section */

/* Begin XCBuildConfiguration section */
		AE15E1641E05F9C1007E628E /* Debug */ = {
			isa = XCBuildConfiguration;
			baseConfigurationReference = AE93BF4C2287ABB8008118D7 /* Molbie-Debug.xcconfig */;
			buildSettings = {
			};
			name = Debug;
		};
		AE15E1651E05F9C1007E628E /* Release */ = {
			isa = XCBuildConfiguration;
			baseConfigurationReference = AE93BF4B2287ABB8008118D7 /* Molbie-Release.xcconfig */;
			buildSettings = {
			};
			name = Release;
		};
		AE15E1671E05F9C1007E628E /* Debug */ = {
			isa = XCBuildConfiguration;
			buildSettings = {
			};
			name = Debug;
		};
		AE15E1681E05F9C1007E628E /* Release */ = {
			isa = XCBuildConfiguration;
			buildSettings = {
			};
			name = Release;
		};
		AE15E16A1E05F9C1007E628E /* Debug */ = {
			isa = XCBuildConfiguration;
			buildSettings = {
			};
			name = Debug;
		};
		AE15E16B1E05F9C1007E628E /* Release */ = {
			isa = XCBuildConfiguration;
			buildSettings = {
			};
			name = Release;
		};
/* End XCBuildConfiguration section */

/* Begin XCConfigurationList section */
		AE15E14C1E05F9C1007E628E /* Build configuration list for PBXProject "OutlawAppKit" */ = {
			isa = XCConfigurationList;
			buildConfigurations = (
				AE15E1641E05F9C1007E628E /* Debug */,
				AE15E1651E05F9C1007E628E /* Release */,
			);
			defaultConfigurationIsVisible = 0;
			defaultConfigurationName = Release;
		};
		AE15E1661E05F9C1007E628E /* Build configuration list for PBXNativeTarget "OutlawAppKit" */ = {
			isa = XCConfigurationList;
			buildConfigurations = (
				AE15E1671E05F9C1007E628E /* Debug */,
				AE15E1681E05F9C1007E628E /* Release */,
			);
			defaultConfigurationIsVisible = 0;
			defaultConfigurationName = Release;
		};
		AE15E1691E05F9C1007E628E /* Build configuration list for PBXNativeTarget "OutlawAppKitTests" */ = {
			isa = XCConfigurationList;
			buildConfigurations = (
				AE15E16A1E05F9C1007E628E /* Debug */,
				AE15E16B1E05F9C1007E628E /* Release */,
			);
			defaultConfigurationIsVisible = 0;
			defaultConfigurationName = Release;
		};
/* End XCConfigurationList section */
	};
	rootObject = AE15E1491E05F9C1007E628E /* Project object */;
}
